
Microsoft Visual Studio Solution File, Format Version 12.00
# Visual Studio Version 16
VisualStudioVersion = 16.0.31402.337
MinimumVisualStudioVersion = 10.0.40219.1
Project("{2150E333-8FDC-42A3-9474-1A3956D46DE8}") = "1-Application", "1-Application", "{514EADBA-E82B-422C-8A6E-64A39E9D67FB}"
EndProject
Project("{2150E333-8FDC-42A3-9474-1A3956D46DE8}") = "2-Domain", "2-Domain", "{174B246D-3EC3-40DD-9548-08161C73BC41}"
EndProject
Project("{2150E333-8FDC-42A3-9474-1A3956D46DE8}") = "3-Service", "3-Service", "{46FE6C20-9B1C-41CB-9408-B263E5C822ED}"
EndProject
Project("{2150E333-8FDC-42A3-9474-1A3956D46DE8}") = "4-Infra", "4-Infra", "{BF3FCB36-4509-4537-84AE-3CDFC0CE0700}"
EndProject
Project("{FAE04EC0-301F-11D3-BF4B-00C04F79EFBC}") = "FruitStore.Api", "FruitStore.Api\FruitStore.Api.csproj", "{FE10E560-8716-4DDE-AD3E-88FDBA457876}"
EndProject
Project("{FAE04EC0-301F-11D3-BF4B-00C04F79EFBC}") = "FruitStore.Domain", "FruitStore.Domain\FruitStore.Domain.csproj", "{49B6CD74-D419-47CE-9A24-8A0844DB74A6}"
EndProject
Project("{FAE04EC0-301F-11D3-BF4B-00C04F79EFBC}") = "FruitStore.Service", "FruitStore.Service\FruitStore.Service.csproj", "{6B665105-D0FE-46D6-8751-40EF3C9951DB}"
EndProject
Project("{2150E333-8FDC-42A3-9474-1A3956D46DE8}") = "4.1-Data", "4.1-Data", "{12EAFBD5-BE14-4189-9B66-B21F1149A29C}"
EndProject
Project("{FAE04EC0-301F-11D3-BF4B-00C04F79EFBC}") = "FruitStore.Infra.Data", "FruitStore.Infra.Data\FruitStore.Infra.Data.csproj", "{3A90F381-B23D-4981-8394-ED2DCACD2B79}"
EndProject
Project("{2150E333-8FDC-42A3-9474-1A3956D46DE8}") = "0-Presentation", "0-Presentation", "{99D8DA72-26FA-4E79-B539-4A4680D07D83}"
EndProject
Project("{FAE04EC0-301F-11D3-BF4B-00C04F79EFBC}") = "FruitStore.Application", "FruitStore.Application\FruitStore.Application.csproj", "{0AE5ACA5-C673-4492-819D-2B0C8132BDBF}"
EndProject
Project("{2150E333-8FDC-42A3-9474-1A3956D46DE8}") = "4.2-IoC", "4.2-IoC", "{58D9E04B-787D-4366-AA6C-371C7E8A992F}"
EndProject
Project("{9A19103F-16F7-4668-BE54-9A1E7A4F7556}") = "FruitStore.IoC", "FruitStore.IoC\FruitStore.IoC.csproj", "{D05CE689-FCBA-471D-909C-D263241CFE30}"
EndProject
Global
	GlobalSection(SolutionConfigurationPlatforms) = preSolution
		Debug|Any CPU = Debug|Any CPU
		Release|Any CPU = Release|Any CPU
	EndGlobalSection
	GlobalSection(ProjectConfigurationPlatforms) = postSolution
		{FE10E560-8716-4DDE-AD3E-88FDBA457876}.Debug|Any CPU.ActiveCfg = Debug|Any CPU
		{FE10E560-8716-4DDE-AD3E-88FDBA457876}.Debug|Any CPU.Build.0 = Debug|Any CPU
		{FE10E560-8716-4DDE-AD3E-88FDBA457876}.Release|Any CPU.ActiveCfg = Release|Any CPU
		{FE10E560-8716-4DDE-AD3E-88FDBA457876}.Release|Any CPU.Build.0 = Release|Any CPU
		{49B6CD74-D419-47CE-9A24-8A0844DB74A6}.Debug|Any CPU.ActiveCfg = Debug|Any CPU
		{49B6CD74-D419-47CE-9A24-8A0844DB74A6}.Debug|Any CPU.Build.0 = Debug|Any CPU
		{49B6CD74-D419-47CE-9A24-8A0844DB74A6}.Release|Any CPU.ActiveCfg = Release|Any CPU
		{49B6CD74-D419-47CE-9A24-8A0844DB74A6}.Release|Any CPU.Build.0 = Release|Any CPU
		{6B665105-D0FE-46D6-8751-40EF3C9951DB}.Debug|Any CPU.ActiveCfg = Debug|Any CPU
		{6B665105-D0FE-46D6-8751-40EF3C9951DB}.Debug|Any CPU.Build.0 = Debug|Any CPU
		{6B665105-D0FE-46D6-8751-40EF3C9951DB}.Release|Any CPU.ActiveCfg = Release|Any CPU
		{6B665105-D0FE-46D6-8751-40EF3C9951DB}.Release|Any CPU.Build.0 = Release|Any CPU
		{3A90F381-B23D-4981-8394-ED2DCACD2B79}.Debug|Any CPU.ActiveCfg = Debug|Any CPU
		{3A90F381-B23D-4981-8394-ED2DCACD2B79}.Debug|Any CPU.Build.0 = Debug|Any CPU
		{3A90F381-B23D-4981-8394-ED2DCACD2B79}.Release|Any CPU.ActiveCfg = Release|Any CPU
		{3A90F381-B23D-4981-8394-ED2DCACD2B79}.Release|Any CPU.Build.0 = Release|Any CPU
		{0AE5ACA5-C673-4492-819D-2B0C8132BDBF}.Debug|Any CPU.ActiveCfg = Debug|Any CPU
		{0AE5ACA5-C673-4492-819D-2B0C8132BDBF}.Debug|Any CPU.Build.0 = Debug|Any CPU
		{0AE5ACA5-C673-4492-819D-2B0C8132BDBF}.Release|Any CPU.ActiveCfg = Release|Any CPU
		{0AE5ACA5-C673-4492-819D-2B0C8132BDBF}.Release|Any CPU.Build.0 = Release|Any CPU
		{D05CE689-FCBA-471D-909C-D263241CFE30}.Debug|Any CPU.ActiveCfg = Debug|Any CPU
		{D05CE689-FCBA-471D-909C-D263241CFE30}.Debug|Any CPU.Build.0 = Debug|Any CPU
		{D05CE689-FCBA-471D-909C-D263241CFE30}.Release|Any CPU.ActiveCfg = Release|Any CPU
		{D05CE689-FCBA-471D-909C-D263241CFE30}.Release|Any CPU.Build.0 = Release|Any CPU
	EndGlobalSection
	GlobalSection(SolutionProperties) = preSolution
		HideSolutionNode = FALSE
	EndGlobalSection
	GlobalSection(NestedProjects) = preSolution
		{FE10E560-8716-4DDE-AD3E-88FDBA457876} = {99D8DA72-26FA-4E79-B539-4A4680D07D83}
		{49B6CD74-D419-47CE-9A24-8A0844DB74A6} = {174B246D-3EC3-40DD-9548-08161C73BC41}
		{6B665105-D0FE-46D6-8751-40EF3C9951DB} = {46FE6C20-9B1C-41CB-9408-B263E5C822ED}
		{12EAFBD5-BE14-4189-9B66-B21F1149A29C} = {BF3FCB36-4509-4537-84AE-3CDFC0CE0700}
		{3A90F381-B23D-4981-8394-ED2DCACD2B79} = {12EAFBD5-BE14-4189-9B66-B21F1149A29C}
		{0AE5ACA5-C673-4492-819D-2B0C8132BDBF} = {514EADBA-E82B-422C-8A6E-64A39E9D67FB}
		{58D9E04B-787D-4366-AA6C-371C7E8A992F} = {BF3FCB36-4509-4537-84AE-3CDFC0CE0700}
		{D05CE689-FCBA-471D-909C-D263241CFE30} = {58D9E04B-787D-4366-AA6C-371C7E8A992F}
	EndGlobalSection
	GlobalSection(ExtensibilityGlobals) = postSolution
		SolutionGuid = {90B2EB61-9EAF-4702-B762-10926265584A}
	EndGlobalSection
EndGlobal
